
Microsoft Visual Studio Solution File, Format Version 12.00
# Visual Studio 15
VisualStudioVersion = 15.0.26124.0
MinimumVisualStudioVersion = 15.0.26124.0
Project("{9A19103F-16F7-4668-BE54-9A1E7A4F7556}") = "RazorPagesProject", "RazorPagesProject\RazorPagesProject.csproj", "{6B4C2AA6-5B56-4F7E-B04F-27D365C430E0}"
EndProject
Project("{9A19103F-16F7-4668-BE54-9A1E7A4F7556}") = "RazorPagesProject.Tests", "..\tests\RazorPagesProject.Tests\RazorPagesProject.Tests.csproj", "{5BD5462A-B5E1-4E96-BD79-98762861FB8A}"
EndProject
Project("{2150E333-8FDC-42A3-9474-1A3956D46DE8}") = "src", "src", "{5CC2EE7A-EE29-4B1E-98AD-64EA4814FEEA}"
EndProject
Project("{2150E333-8FDC-42A3-9474-1A3956D46DE8}") = "tests", "tests", "{66E02F69-E452-4F8D-A1B6-3A113781F234}"
EndProject
Global
	GlobalSection(SolutionConfigurationPlatforms) = preSolution
		Debug|Any CPU = Debug|Any CPU
		Debug|x64 = Debug|x64
		Debug|x86 = Debug|x86
		Release|Any CPU = Release|Any CPU
		Release|x64 = Release|x64
		Release|x86 = Release|x86
	EndGlobalSection
	GlobalSection(ProjectConfigurationPlatforms) = postSolution
		{6B4C2AA6-5B56-4F7E-B04F-27D365C430E0}.Debug|Any CPU.ActiveCfg = Debug|Any CPU
		{6B4C2AA6-5B56-4F7E-B04F-27D365C430E0}.Debug|Any CPU.Build.0 = Debug|Any CPU
		{6B4C2AA6-5B56-4F7E-B04F-27D365C430E0}.Debug|x64.ActiveCfg = Debug|Any CPU
		{6B4C2AA6-5B56-4F7E-B04F-27D365C430E0}.Debug|x64.Build.0 = Debug|Any CPU
		{6B4C2AA6-5B56-4F7E-B04F-27D365C430E0}.Debug|x86.ActiveCfg = Debug|Any CPU
		{6B4C2AA6-5B56-4F7E-B04F-27D365C430E0}.Debug|x86.Build.0 = Debug|Any CPU
		{6B4C2AA6-5B56-4F7E-B04F-27D365C430E0}.Release|Any CPU.ActiveCfg = Release|Any CPU
		{6B4C2AA6-5B56-4F7E-B04F-27D365C430E0}.Release|Any CPU.Build.0 = Release|Any CPU
		{6B4C2AA6-5B56-4F7E-B04F-27D365C430E0}.Release|x64.ActiveCfg = Release|Any CPU
		{6B4C2AA6-5B56-4F7E-B04F-27D365C430E0}.Release|x64.Build.0 = Release|Any CPU
		{6B4C2AA6-5B56-4F7E-B04F-27D365C430E0}.Release|x86.ActiveCfg = Release|Any CPU
		{6B4C2AA6-5B56-4F7E-B04F-27D365C430E0}.Release|x86.Build.0 = Release|Any CPU
		{5BD5462A-B5E1-4E96-BD79-98762861FB8A}.Debug|Any CPU.ActiveCfg = Debug|Any CPU
		{5BD5462A-B5E1-4E96-BD79-98762861FB8A}.Debug|Any CPU.Build.0 = Debug|Any CPU
		{5BD5462A-B5E1-4E96-BD79-98762861FB8A}.Debug|x64.ActiveCfg = Debug|Any CPU
		{5BD5462A-B5E1-4E96-BD79-98762861FB8A}.Debug|x64.Build.0 = Debug|Any CPU
		{5BD5462A-B5E1-4E96-BD79-98762861FB8A}.Debug|x86.ActiveCfg = Debug|Any CPU
		{5BD5462A-B5E1-4E96-BD79-98762861FB8A}.Debug|x86.Build.0 = Debug|Any CPU
		{5BD5462A-B5E1-4E96-BD79-98762861FB8A}.Release|Any CPU.ActiveCfg = Release|Any CPU
		{5BD5462A-B5E1-4E96-BD79-98762861FB8A}.Release|Any CPU.Build.0 = Release|Any CPU
		{5BD5462A-B5E1-4E96-BD79-98762861FB8A}.Release|x64.ActiveCfg = Release|Any CPU
		{5BD5462A-B5E1-4E96-BD79-98762861FB8A}.Release|x64.Build.0 = Release|Any CPU
		{5BD5462A-B5E1-4E96-BD79-98762861FB8A}.Release|x86.ActiveCfg = Release|Any CPU
		{5BD5462A-B5E1-4E96-BD79-98762861FB8A}.Release|x86.Build.0 = Release|Any CPU
	EndGlobalSection
	GlobalSection(SolutionProperties) = preSolution
		HideSolutionNode = FALSE
	EndGlobalSection
	GlobalSection(NestedProjects) = preSolution
		{6B4C2AA6-5B56-4F7E-B04F-27D365C430E0} = {5CC2EE7A-EE29-4B1E-98AD-64EA4814FEEA}
		{5BD5462A-B5E1-4E96-BD79-98762861FB8A} = {66E02F69-E452-4F8D-A1B6-3A113781F234}
	EndGlobalSection
	GlobalSection(ExtensibilityGlobals) = postSolution
		SolutionGuid = {069CFDB3-768E-4343-82D4-7D26A941AD5F}
	EndGlobalSection
EndGlobal
